
Microsoft Visual Studio Solution File, Format Version 12.00
# Visual Studio Version 17
VisualStudioVersion = 17.14.36518.9
MinimumVisualStudioVersion = 10.0.40219.1
Project("{FAE04EC0-301F-11D3-BF4B-00C04F79EFBC}") = "InventarioTI.Cliente", "InventarioTI.Cliente.csproj", "{16B12EC7-29EE-471D-9CED-0E7D7FCB567E}"
EndProject
Project("{FAE04EC0-301F-11D3-BF4B-00C04F79EFBC}") = "InventarioTI.Server", "..\InventarioTI.Server\InventarioTI.Server.csproj", "{04D71946-3226-4DEF-B3A5-C1D2371302F9}"
EndProject
Project("{FAE04EC0-301F-11D3-BF4B-00C04F79EFBC}") = "InventarioTI.Shared", "..\InventariosTI.Shared\InventarioTI.Shared.csproj", "{F6145B50-9E60-4C94-918A-F24E59537514}"
EndProject
Global
	GlobalSection(SolutionConfigurationPlatforms) = preSolution
		Debug|Any CPU = Debug|Any CPU
		Release|Any CPU = Release|Any CPU
	EndGlobalSection
	GlobalSection(ProjectConfigurationPlatforms) = postSolution
		{16B12EC7-29EE-471D-9CED-0E7D7FCB567E}.Debug|Any CPU.ActiveCfg = Debug|Any CPU
		{16B12EC7-29EE-471D-9CED-0E7D7FCB567E}.Debug|Any CPU.Build.0 = Debug|Any CPU
		{16B12EC7-29EE-471D-9CED-0E7D7FCB567E}.Release|Any CPU.ActiveCfg = Release|Any CPU
		{16B12EC7-29EE-471D-9CED-0E7D7FCB567E}.Release|Any CPU.Build.0 = Release|Any CPU
		{04D71946-3226-4DEF-B3A5-C1D2371302F9}.Debug|Any CPU.ActiveCfg = Debug|Any CPU
		{04D71946-3226-4DEF-B3A5-C1D2371302F9}.Debug|Any CPU.Build.0 = Debug|Any CPU
		{04D71946-3226-4DEF-B3A5-C1D2371302F9}.Release|Any CPU.ActiveCfg = Release|Any CPU
		{04D71946-3226-4DEF-B3A5-C1D2371302F9}.Release|Any CPU.Build.0 = Release|Any CPU
		{F6145B50-9E60-4C94-918A-F24E59537514}.Debug|Any CPU.ActiveCfg = Debug|Any CPU
		{F6145B50-9E60-4C94-918A-F24E59537514}.Debug|Any CPU.Build.0 = Debug|Any CPU
		{F6145B50-9E60-4C94-918A-F24E59537514}.Release|Any CPU.ActiveCfg = Release|Any CPU
		{F6145B50-9E60-4C94-918A-F24E59537514}.Release|Any CPU.Build.0 = Release|Any CPU
	EndGlobalSection
	GlobalSection(SolutionProperties) = preSolution
		HideSolutionNode = FALSE
	EndGlobalSection
	GlobalSection(ExtensibilityGlobals) = postSolution
		SolutionGuid = {101BD3A3-6638-440A-8F31-40818D2CCA31}
	EndGlobalSection
EndGlobal
